{
  "version": "5",
  "specifiers": {
    "npm:@redis/client@*": "5.8.3",
    "npm:@redis/client@5.8.3": "5.8.3"
  },
  "npm": {
    "@redis/client@5.8.3": {
      "integrity": "sha512-MZVUE+l7LmMIYlIjubPosruJ9ltSLGFmJqsXApTqPLyHLjsJUSAbAJb/A3N34fEqean4ddiDkdWzNu4ZKPvRUg==",
      "dependencies": [
        "cluster-key-slot"
      ]
    },
    "cluster-key-slot@1.1.2": {
      "integrity": "sha512-RMr0FhtfXemyinomL4hrWcYJxmX6deFdCxpJzhDttxgO1+bcCnkk+9drydLVDmAMG7NE6aN/fl4F7ucU/90gAA=="
    }
  },
  "workspace": {
    "dependencies": [
      "npm:@redis/client@5.8.3"
    ]
  }
}
